{
  "nodes": {
    "borderline": {
      "flake": false,
      "locked": {
        "lastModified": 1743020070,
        "narHash": "sha256-ecUez36HQUNnXx6DF86+LR/odE32DRe8N4o+kqoy+Ik=",
        "owner": "mikesmithgh",
        "repo": "borderline.nvim",
        "rev": "1ce38a470dfc8258d7238f1283105465ec9655a0",
        "type": "github"
      },
      "original": {
        "owner": "mikesmithgh",
        "repo": "borderline.nvim",
        "type": "github"
      }
    },
    "buffer-manager": {
      "flake": false,
      "locked": {
        "lastModified": 1750405853,
        "narHash": "sha256-4zlebkZdHhseCw8rSlysEBTxJ0jvj5YDg15TlNNItC8=",
        "owner": "j-morano",
        "repo": "buffer_manager.nvim",
        "rev": "941a746e8a07fbb351f3016edfd903e31cbc1322",
        "type": "github"
      },
      "original": {
        "owner": "j-morano",
        "repo": "buffer_manager.nvim",
        "type": "github"
      }
    },
    "codeium": {
      "inputs": {
        "flake-utils": "flake-utils",
        "nixpkgs": "nixpkgs"
      },
      "locked": {
        "lastModified": 1746038916,
        "narHash": "sha256-TWezce2+XrkzaiW/V3VgfX3FMdS8qFE8/FfPEK/Ii84=",
        "owner": "jcdickinson",
        "repo": "codeium.nvim",
        "rev": "821b570b526dbb05b57aa4ded578b709a704a38a",
        "type": "github"
      },
      "original": {
        "owner": "jcdickinson",
        "repo": "codeium.nvim",
        "type": "github"
      }
    },
    "flake-parts": {
      "inputs": {
        "nixpkgs-lib": [
          "nixvim",
          "nixpkgs"
        ]
      },
      "locked": {
        "lastModified": 1749398372,
        "narHash": "sha256-tYBdgS56eXYaWVW3fsnPQ/nFlgWi/Z2Ymhyu21zVM98=",
        "owner": "hercules-ci",
        "repo": "flake-parts",
        "rev": "9305fe4e5c2a6fcf5ba6a3ff155720fbe4076569",
        "type": "github"
      },
      "original": {
        "owner": "hercules-ci",
        "repo": "flake-parts",
        "type": "github"
      }
    },
    "flake-utils": {
      "inputs": {
        "systems": "systems"
      },
      "locked": {
        "lastModified": 1701680307,
        "narHash": "sha256-kAuep2h5ajznlPMD9rnQyffWG8EM/C73lejGofXvdM8=",
        "owner": "numtide",
        "repo": "flake-utils",
        "rev": "4022d587cbbfd70fe950c1e2083a02621806a725",
        "type": "github"
      },
      "original": {
        "owner": "numtide",
        "repo": "flake-utils",
        "type": "github"
      }
    },
    "flake-utils_2": {
      "inputs": {
        "systems": "systems_2"
      },
      "locked": {
        "lastModified": 1731533236,
        "narHash": "sha256-l0KFg5HjrsfsO/JpG+r7fRrqm12kzFHyUHqHCVpMMbI=",
        "owner": "numtide",
        "repo": "flake-utils",
        "rev": "11707dc2f618dd54ca8739b309ec4fc024de578b",
        "type": "github"
      },
      "original": {
        "owner": "numtide",
        "repo": "flake-utils",
        "type": "github"
      }
    },
    "flake-utils_3": {
      "inputs": {
        "systems": "systems_3"
      },
      "locked": {
        "lastModified": 1731533236,
        "narHash": "sha256-l0KFg5HjrsfsO/JpG+r7fRrqm12kzFHyUHqHCVpMMbI=",
        "owner": "numtide",
        "repo": "flake-utils",
        "rev": "11707dc2f618dd54ca8739b309ec4fc024de578b",
        "type": "github"
      },
      "original": {
        "owner": "numtide",
        "repo": "flake-utils",
        "type": "github"
      }
    },
    "ixx": {
      "inputs": {
        "flake-utils": [
          "nixvim",
          "nuschtosSearch",
          "flake-utils"
        ],
        "nixpkgs": [
          "nixvim",
          "nuschtosSearch",
          "nixpkgs"
        ]
      },
      "locked": {
        "lastModified": 1748294338,
        "narHash": "sha256-FVO01jdmUNArzBS7NmaktLdGA5qA3lUMJ4B7a05Iynw=",
        "owner": "NuschtOS",
        "repo": "ixx",
        "rev": "cc5f390f7caf265461d4aab37e98d2292ebbdb85",
        "type": "github"
      },
      "original": {
        "owner": "NuschtOS",
        "ref": "v0.0.8",
        "repo": "ixx",
        "type": "github"
      }
    },
    "menu": {
      "flake": false,
      "locked": {
        "lastModified": 1748784363,
        "narHash": "sha256-4GfQ6Mo32rsoQAXKZF9Bpnm/sms2hfbrTldpLp5ySoY=",
        "owner": "nvzone",
        "repo": "menu",
        "rev": "7a0a4a2896b715c066cfbe320bdc048091874cc6",
        "type": "github"
      },
      "original": {
        "owner": "nvzone",
        "repo": "menu",
        "type": "github"
      }
    },
    "minty": {
      "flake": false,
      "locked": {
        "lastModified": 1740723349,
        "narHash": "sha256-jdz0cR1uz1EdxFCuxndsK9gyTZ2jg8wdYA0v33SevOg=",
        "owner": "nvzone",
        "repo": "minty",
        "rev": "aafc9e8e0afe6bf57580858a2849578d8d8db9e0",
        "type": "github"
      },
      "original": {
        "owner": "nvzone",
        "repo": "minty",
        "type": "github"
      }
    },
    "nixpkgs": {
      "locked": {
        "lastModified": 1702346276,
        "narHash": "sha256-eAQgwIWApFQ40ipeOjVSoK4TEHVd6nbSd9fApiHIw5A=",
        "owner": "NixOS",
        "repo": "nixpkgs",
        "rev": "cf28ee258fd5f9a52de6b9865cdb93a1f96d09b7",
        "type": "github"
      },
      "original": {
        "owner": "NixOS",
        "ref": "nixos-23.11",
        "repo": "nixpkgs",
        "type": "github"
      }
    },
    "nixpkgs_2": {
      "locked": {
        "lastModified": 1751261979,
        "narHash": "sha256-PQYnNtbeSgEM+TvouKH782oMrbAhV/ETAULD+2TI2oQ=",
        "owner": "NixOS",
        "repo": "nixpkgs",
        "rev": "7d53d06122d88e66adc60bd64b7d1696cb537b03",
        "type": "github"
      },
      "original": {
        "owner": "NixOS",
        "repo": "nixpkgs",
        "type": "github"
      }
    },
    "nixpkgs_3": {
      "locked": {
        "lastModified": 1750811787,
        "narHash": "sha256-rD/978c35JXz6JLAzciTIOCMenPumF6zrQOj4rVZeHE=",
        "owner": "NixOS",
        "repo": "nixpkgs",
        "rev": "992f916556fcfaa94451ebc7fc6e396134bbf5b1",
        "type": "github"
      },
      "original": {
        "owner": "NixOS",
        "ref": "nixpkgs-unstable",
        "repo": "nixpkgs",
        "type": "github"
      }
    },
    "nixpkgs_4": {
      "locked": {
        "lastModified": 1747958103,
        "narHash": "sha256-qmmFCrfBwSHoWw7cVK4Aj+fns+c54EBP8cGqp/yK410=",
        "owner": "nixos",
        "repo": "nixpkgs",
        "rev": "fe51d34885f7b5e3e7b59572796e1bcb427eccb1",
        "type": "github"
      },
      "original": {
        "owner": "nixos",
        "ref": "nixpkgs-unstable",
        "repo": "nixpkgs",
        "type": "github"
      }
    },
    "nixvim": {
      "inputs": {
        "flake-parts": "flake-parts",
        "nixpkgs": "nixpkgs_3",
        "nuschtosSearch": "nuschtosSearch",
        "systems": "systems_4"
      },
      "locked": {
        "lastModified": 1751144320,
        "narHash": "sha256-KJsKiGfkfXFB23V26NQ1p+UPsexI6NKtivnrwSlWWdQ=",
        "owner": "nix-community",
        "repo": "nixvim",
        "rev": "ceb52aece5d571b37096945c2815604195a04eb4",
        "type": "github"
      },
      "original": {
        "owner": "nix-community",
        "repo": "nixvim",
        "type": "github"
      }
    },
    "nuschtosSearch": {
      "inputs": {
        "flake-utils": "flake-utils_3",
        "ixx": "ixx",
        "nixpkgs": [
          "nixvim",
          "nixpkgs"
        ]
      },
      "locked": {
        "lastModified": 1749730855,
        "narHash": "sha256-L3x2nSlFkXkM6tQPLJP3oCBMIsRifhIDPMQQdHO5xWo=",
        "owner": "NuschtOS",
        "repo": "search",
        "rev": "8dfe5879dd009ff4742b668d9c699bc4b9761742",
        "type": "github"
      },
      "original": {
        "owner": "NuschtOS",
        "repo": "search",
        "type": "github"
      }
    },
    "nvim-window-picker": {
      "flake": false,
      "locked": {
        "lastModified": 1740578280,
        "narHash": "sha256-ZavIPpQXLSRpJXJVJZp3N6QWHoTKRvVrFAw7jekNmX4=",
        "owner": "s1n7ax",
        "repo": "nvim-window-picker",
        "rev": "6382540b2ae5de6c793d4aa2e3fe6dbb518505ec",
        "type": "github"
      },
      "original": {
        "owner": "s1n7ax",
        "repo": "nvim-window-picker",
        "type": "github"
      }
    },
    "root": {
      "inputs": {
        "borderline": "borderline",
        "buffer-manager": "buffer-manager",
        "codeium": "codeium",
        "flake-utils": "flake-utils_2",
        "menu": "menu",
        "minty": "minty",
        "nixpkgs": "nixpkgs_2",
        "nixvim": "nixvim",
        "nvim-window-picker": "nvim-window-picker",
        "treefmt-nix": "treefmt-nix",
        "typr": "typr",
        "volt": "volt"
      }
    },
    "systems": {
      "locked": {
        "lastModified": 1681028828,
        "narHash": "sha256-Vy1rq5AaRuLzOxct8nz4T6wlgyUR7zLU309k9mBC768=",
        "owner": "nix-systems",
        "repo": "default",
        "rev": "da67096a3b9bf56a91d16901293e51ba5b49a27e",
        "type": "github"
      },
      "original": {
        "owner": "nix-systems",
        "repo": "default",
        "type": "github"
      }
    },
    "systems_2": {
      "locked": {
        "lastModified": 1681028828,
        "narHash": "sha256-Vy1rq5AaRuLzOxct8nz4T6wlgyUR7zLU309k9mBC768=",
        "owner": "nix-systems",
        "repo": "default",
        "rev": "da67096a3b9bf56a91d16901293e51ba5b49a27e",
        "type": "github"
      },
      "original": {
        "owner": "nix-systems",
        "repo": "default",
        "type": "github"
      }
    },
    "systems_3": {
      "locked": {
        "lastModified": 1681028828,
        "narHash": "sha256-Vy1rq5AaRuLzOxct8nz4T6wlgyUR7zLU309k9mBC768=",
        "owner": "nix-systems",
        "repo": "default",
        "rev": "da67096a3b9bf56a91d16901293e51ba5b49a27e",
        "type": "github"
      },
      "original": {
        "owner": "nix-systems",
        "repo": "default",
        "type": "github"
      }
    },
    "systems_4": {
      "locked": {
        "lastModified": 1681028828,
        "narHash": "sha256-Vy1rq5AaRuLzOxct8nz4T6wlgyUR7zLU309k9mBC768=",
        "owner": "nix-systems",
        "repo": "default",
        "rev": "da67096a3b9bf56a91d16901293e51ba5b49a27e",
        "type": "github"
      },
      "original": {
        "owner": "nix-systems",
        "repo": "default",
        "type": "github"
      }
    },
    "treefmt-nix": {
      "inputs": {
        "nixpkgs": "nixpkgs_4"
      },
      "locked": {
        "lastModified": 1750931469,
        "narHash": "sha256-0IEdQB1nS+uViQw4k3VGUXntjkDp7aAlqcxdewb/hAc=",
        "owner": "numtide",
        "repo": "treefmt-nix",
        "rev": "ac8e6f32e11e9c7f153823abc3ab007f2a65d3e1",
        "type": "github"
      },
      "original": {
        "owner": "numtide",
        "repo": "treefmt-nix",
        "type": "github"
      }
    },
    "typr": {
      "flake": false,
      "locked": {
        "lastModified": 1749728125,
        "narHash": "sha256-ULjrPOYaWCk8G5B37p+aYD0jI2vngc0LxQIxQduaEWo=",
        "owner": "nvzone",
        "repo": "typr",
        "rev": "bdd9ef7143702851edd1dac85101e0a537056d2f",
        "type": "github"
      },
      "original": {
        "owner": "nvzone",
        "repo": "typr",
        "type": "github"
      }
    },
    "volt": {
      "flake": false,
      "locked": {
        "lastModified": 1749727664,
        "narHash": "sha256-szq/QBI2Y6DKeqBuJ8qA4LlGYnarLT6D/fvwepIgSVc=",
        "owner": "nvzone",
        "repo": "volt",
        "rev": "7b8c5e790120d9f08c8487dcb80692db6d2087a1",
        "type": "github"
      },
      "original": {
        "owner": "nvzone",
        "repo": "volt",
        "type": "github"
      }
    }
  },
  "root": "root",
  "version": 7
}
